
Microsoft Visual Studio Solution File, Format Version 12.00
# Visual Studio Version 16
VisualStudioVersion = 16.0.32602.291
MinimumVisualStudioVersion = 10.0.40219.1
Project("{9A19103F-16F7-4668-BE54-9A1E7A4F7556}") = "WebApplication_DevOps_Demo", "WebApplication_DevOps_Demo.csproj", "{BE290139-C842-4B99-BFE2-7090CAC177BB}"
EndProject
Project("{9A19103F-16F7-4668-BE54-9A1E7A4F7556}") = "XUnitTest_Project", "XUnitTest_Project\XUnitTest_Project.csproj", "{2674FD01-0740-4B36-A385-B3D8CC5D04E7}"
EndProject
Global
	GlobalSection(SolutionConfigurationPlatforms) = preSolution
		Debug|Any CPU = Debug|Any CPU
		Release|Any CPU = Release|Any CPU
	EndGlobalSection
	GlobalSection(ProjectConfigurationPlatforms) = postSolution
		{BE290139-C842-4B99-BFE2-7090CAC177BB}.Debug|Any CPU.ActiveCfg = Debug|Any CPU
		{BE290139-C842-4B99-BFE2-7090CAC177BB}.Debug|Any CPU.Build.0 = Debug|Any CPU
		{BE290139-C842-4B99-BFE2-7090CAC177BB}.Release|Any CPU.ActiveCfg = Release|Any CPU
		{BE290139-C842-4B99-BFE2-7090CAC177BB}.Release|Any CPU.Build.0 = Release|Any CPU
		{2674FD01-0740-4B36-A385-B3D8CC5D04E7}.Debug|Any CPU.ActiveCfg = Debug|Any CPU
		{2674FD01-0740-4B36-A385-B3D8CC5D04E7}.Debug|Any CPU.Build.0 = Debug|Any CPU
		{2674FD01-0740-4B36-A385-B3D8CC5D04E7}.Release|Any CPU.ActiveCfg = Release|Any CPU
		{2674FD01-0740-4B36-A385-B3D8CC5D04E7}.Release|Any CPU.Build.0 = Release|Any CPU
	EndGlobalSection
	GlobalSection(SolutionProperties) = preSolution
		HideSolutionNode = FALSE
	EndGlobalSection
	GlobalSection(ExtensibilityGlobals) = postSolution
		SolutionGuid = {8FE5CDE1-64F9-4265-86FA-479A2E7BE613}
	EndGlobalSection
EndGlobal
